// !$*UTF8*$!
{
	archiveVersion = 1;
	classes = {
	};
	objectVersion = 46;
	objects = {

/* Begin PBXBuildFile section */
		671F92F4162F233300003CFD /* IOBluetooth.framework in Frameworks */ = {isa = PBXBuildFile; fileRef = 671F92F2162F233300003CFD /* IOBluetooth.framework */; };
		671F92F5162F233300003CFD /* IOBluetoothUI.framework in Frameworks */ = {isa = PBXBuildFile; fileRef = 671F92F3162F233300003CFD /* IOBluetoothUI.framework */; };
		6735452F16545C2600C6B9B1 /* AppDelegate.m in Sources */ = {isa = PBXBuildFile; fileRef = 6735452116545C2600C6B9B1 /* AppDelegate.m */; };
		6735453016545C2600C6B9B1 /* Credits.rtf in Resources */ = {isa = PBXBuildFile; fileRef = 6735452216545C2600C6B9B1 /* Credits.rtf */; };
		6735453116545C2600C6B9B1 /* InfoPlist.strings in Resources */ = {isa = PBXBuildFile; fileRef = 6735452416545C2600C6B9B1 /* InfoPlist.strings */; };
		6735453216545C2600C6B9B1 /* MainMenu.xib in Resources */ = {isa = PBXBuildFile; fileRef = 6735452616545C2600C6B9B1 /* MainMenu.xib */; };
		6735453316545C2600C6B9B1 /* Window.xib in Resources */ = {isa = PBXBuildFile; fileRef = 6735452816545C2600C6B9B1 /* Window.xib */; };
		6735453516545C2600C6B9B1 /* main.m in Sources */ = {isa = PBXBuildFile; fileRef = 6735452C16545C2600C6B9B1 /* main.m */; };
		6735453616545C2600C6B9B1 /* MyWindowController.m in Sources */ = {isa = PBXBuildFile; fileRef = 6735452E16545C2600C6B9B1 /* MyWindowController.m */; };
		678FB2BF16307B6C00B4049F /* Cocoa.framework in Frameworks */ = {isa = PBXBuildFile; fileRef = 678FB2B716307B6C00B4049F /* Cocoa.framework */; };
		678FB2C116307B6C00B4049F /* AppKit.framework in Frameworks */ = {isa = PBXBuildFile; fileRef = 678FB2B916307B6C00B4049F /* AppKit.framework */; };
		678FB2C216307B6C00B4049F /* CoreData.framework in Frameworks */ = {isa = PBXBuildFile; fileRef = 678FB2BA16307B6C00B4049F /* CoreData.framework */; };
		678FB2C316307B6C00B4049F /* Foundation.framework in Frameworks */ = {isa = PBXBuildFile; fileRef = 678FB2BB16307B6C00B4049F /* Foundation.framework */; };
		678FB2C516307B9B00B4049F /* RobotKit.framework in Frameworks */ = {isa = PBXBuildFile; fileRef = 678FB2C416307B9B00B4049F /* RobotKit.framework */; };
		678FB2C616307B9D00B4049F /* RobotKit.framework in CopyFiles */ = {isa = PBXBuildFile; fileRef = 678FB2C416307B9B00B4049F /* RobotKit.framework */; };
/* End PBXBuildFile section */

/* Begin PBXBuildRule section */
		67F445F815ED62E8001DAFEC /* PBXBuildRule */ = {
			isa = PBXBuildRule;
			compilerSpec = com.apple.compilers.proxy.script;
			fileType = text.plist;
			isEditable = 1;
			outputFiles = (
			);
			script = "# builtin-copyPlist\n";
		};
/* End PBXBuildRule section */

/* Begin PBXContainerItemProxy section */
		67CBDD8D1598D6D6008B939F /* PBXContainerItemProxy */ = {
			isa = PBXContainerItemProxy;
			containerPortal = 67CBDD5F1598D6D6008B939F /* Project object */;
			proxyType = 1;
			remoteGlobalIDString = 67CBDD671598D6D6008B939F;
			remoteInfo = HelloWorld;
		};
/* End PBXContainerItemProxy section */

/* Begin PBXCopyFilesBuildPhase section */
		67F445F915ED6306001DAFEC /* CopyFiles */ = {
			isa = PBXCopyFilesBuildPhase;
			buildActionMask = 12;
			dstPath = "";
			dstSubfolderSpec = 10;
			files = (
				678FB2C616307B9D00B4049F /* RobotKit.framework in CopyFiles */,
			);
			runOnlyForDeploymentPostprocessing = 0;
		};
/* End PBXCopyFilesBuildPhase section */

/* Begin PBXFileReference section */
		671F92F2162F233300003CFD /* IOBluetooth.framework */ = {isa = PBXFileReference; lastKnownFileType = wrapper.framework; name = IOBluetooth.framework; path = System/Library/Frameworks/IOBluetooth.framework; sourceTree = SDKROOT; };
		671F92F3162F233300003CFD /* IOBluetoothUI.framework */ = {isa = PBXFileReference; lastKnownFileType = wrapper.framework; name = IOBluetoothUI.framework; path = System/Library/Frameworks/IOBluetoothUI.framework; sourceTree = SDKROOT; };
		6735452016545C2600C6B9B1 /* AppDelegate.h */ = {isa = PBXFileReference; fileEncoding = 4; lastKnownFileType = sourcecode.c.h; path = AppDelegate.h; sourceTree = "<group>"; };
		6735452116545C2600C6B9B1 /* AppDelegate.m */ = {isa = PBXFileReference; fileEncoding = 4; lastKnownFileType = sourcecode.c.objc; path = AppDelegate.m; sourceTree = "<group>"; };
		6735452316545C2600C6B9B1 /* en */ = {isa = PBXFileReference; lastKnownFileType = text.rtf; name = en; path = en.lproj/Credits.rtf; sourceTree = "<group>"; };
		6735452516545C2600C6B9B1 /* en */ = {isa = PBXFileReference; lastKnownFileType = text.plist.strings; name = en; path = en.lproj/InfoPlist.strings; sourceTree = "<group>"; };
		6735452716545C2600C6B9B1 /* en */ = {isa = PBXFileReference; lastKnownFileType = file.xib; name = en; path = en.lproj/MainMenu.xib; sourceTree = "<group>"; };
		6735452916545C2600C6B9B1 /* en */ = {isa = PBXFileReference; lastKnownFileType = file.xib; name = en; path = en.lproj/Window.xib; sourceTree = "<group>"; };
		6735452A16545C2600C6B9B1 /* KeyDrive-Info.plist */ = {isa = PBXFileReference; fileEncoding = 4; lastKnownFileType = text.plist.xml; path = "KeyDrive-Info.plist"; sourceTree = "<group>"; };
		6735452B16545C2600C6B9B1 /* KeyDrive-Prefix.pch */ = {isa = PBXFileReference; fileEncoding = 4; lastKnownFileType = sourcecode.c.h; path = "KeyDrive-Prefix.pch"; sourceTree = "<group>"; };
		6735452C16545C2600C6B9B1 /* main.m */ = {isa = PBXFileReference; fileEncoding = 4; lastKnownFileType = sourcecode.c.objc; path = main.m; sourceTree = "<group>"; };
		6735452D16545C2600C6B9B1 /* MyWindowController.h */ = {isa = PBXFileReference; fileEncoding = 4; lastKnownFileType = sourcecode.c.h; path = MyWindowController.h; sourceTree = "<group>"; };
		6735452E16545C2600C6B9B1 /* MyWindowController.m */ = {isa = PBXFileReference; fileEncoding = 4; lastKnownFileType = sourcecode.c.objc; path = MyWindowController.m; sourceTree = "<group>"; };
		678FB2B716307B6C00B4049F /* Cocoa.framework */ = {isa = PBXFileReference; lastKnownFileType = wrapper.framework; name = Cocoa.framework; path = /Applications/Xcode.app/Contents/Developer/Platforms/MacOSX.platform/Developer/SDKs/MacOSX10.8.sdk/System/Library/Frameworks/Cocoa.framework; sourceTree = "<absolute>"; };
		678FB2B816307B6C00B4049F /* SenTestingKit.framework */ = {isa = PBXFileReference; lastKnownFileType = wrapper.framework; name = SenTestingKit.framework; path = Library/Frameworks/SenTestingKit.framework; sourceTree = DEVELOPER_DIR; };
		678FB2B916307B6C00B4049F /* AppKit.framework */ = {isa = PBXFileReference; lastKnownFileType = wrapper.framework; name = AppKit.framework; path = /Applications/Xcode.app/Contents/Developer/Platforms/MacOSX.platform/Developer/SDKs/MacOSX10.8.sdk/System/Library/Frameworks/AppKit.framework; sourceTree = "<absolute>"; };
		678FB2BA16307B6C00B4049F /* CoreData.framework */ = {isa = PBXFileReference; lastKnownFileType = wrapper.framework; name = CoreData.framework; path = /Applications/Xcode.app/Contents/Developer/Platforms/MacOSX.platform/Developer/SDKs/MacOSX10.8.sdk/System/Library/Frameworks/CoreData.framework; sourceTree = "<absolute>"; };
		678FB2BB16307B6C00B4049F /* Foundation.framework */ = {isa = PBXFileReference; lastKnownFileType = wrapper.framework; name = Foundation.framework; path = /Applications/Xcode.app/Contents/Developer/Platforms/MacOSX.platform/Developer/SDKs/MacOSX10.8.sdk/System/Library/Frameworks/Foundation.framework; sourceTree = "<absolute>"; };
		678FB2C416307B9B00B4049F /* RobotKit.framework */ = {isa = PBXFileReference; lastKnownFileType = wrapper.framework; path = RobotKit.framework; sourceTree = SOURCE_ROOT; };
		67CBDD681598D6D6008B939F /* KeyDrive.app */ = {isa = PBXFileReference; explicitFileType = wrapper.application; includeInIndex = 0; path = KeyDrive.app; sourceTree = BUILT_PRODUCTS_DIR; };
		67CBDD891598D6D6008B939F /* KeyDriveTests.octest */ = {isa = PBXFileReference; explicitFileType = wrapper.cfbundle; includeInIndex = 0; path = KeyDriveTests.octest; sourceTree = BUILT_PRODUCTS_DIR; };
/* End PBXFileReference section */

/* Begin PBXFrameworksBuildPhase section */
		67CBDD651598D6D6008B939F /* Frameworks */ = {
			isa = PBXFrameworksBuildPhase;
			buildActionMask = 2147483647;
			files = (
				671F92F4162F233300003CFD /* IOBluetooth.framework in Frameworks */,
				671F92F5162F233300003CFD /* IOBluetoothUI.framework in Frameworks */,
				678FB2BF16307B6C00B4049F /* Cocoa.framework in Frameworks */,
				678FB2C116307B6C00B4049F /* AppKit.framework in Frameworks */,
				678FB2C216307B6C00B4049F /* CoreData.framework in Frameworks */,
				678FB2C316307B6C00B4049F /* Foundation.framework in Frameworks */,
				678FB2C516307B9B00B4049F /* RobotKit.framework in Frameworks */,
			);
			runOnlyForDeploymentPostprocessing = 0;
		};
		67CBDD851598D6D6008B939F /* Frameworks */ = {
			isa = PBXFrameworksBuildPhase;
			buildActionMask = 2147483647;
			files = (
			);
			runOnlyForDeploymentPostprocessing = 0;
		};
/* End PBXFrameworksBuildPhase section */

/* Begin PBXGroup section */
		6735451F16545C2600C6B9B1 /* KeyDrive */ = {
			isa = PBXGroup;
			children = (
				6735452016545C2600C6B9B1 /* AppDelegate.h */,
				6735452116545C2600C6B9B1 /* AppDelegate.m */,
				6735452216545C2600C6B9B1 /* Credits.rtf */,
				6735452416545C2600C6B9B1 /* InfoPlist.strings */,
				6735452616545C2600C6B9B1 /* MainMenu.xib */,
				6735452816545C2600C6B9B1 /* Window.xib */,
				6735452A16545C2600C6B9B1 /* KeyDrive-Info.plist */,
				6735452B16545C2600C6B9B1 /* KeyDrive-Prefix.pch */,
				6735452C16545C2600C6B9B1 /* main.m */,
				6735452D16545C2600C6B9B1 /* MyWindowController.h */,
				6735452E16545C2600C6B9B1 /* MyWindowController.m */,
			);
			path = KeyDrive;
			sourceTree = "<group>";
		};
		678FB2BC16307B6C00B4049F /* Other Frameworks */ = {
			isa = PBXGroup;
			children = (
				678FB2B916307B6C00B4049F /* AppKit.framework */,
				678FB2BA16307B6C00B4049F /* CoreData.framework */,
				678FB2BB16307B6C00B4049F /* Foundation.framework */,
			);
			name = "Other Frameworks";
			sourceTree = "<group>";
		};
		678FB2BD16307B6C00B4049F /* Frameworks */ = {
			isa = PBXGroup;
			children = (
				671F92F2162F233300003CFD /* IOBluetooth.framework */,
				671F92F3162F233300003CFD /* IOBluetoothUI.framework */,
				678FB2C416307B9B00B4049F /* RobotKit.framework */,
				678FB2B716307B6C00B4049F /* Cocoa.framework */,
				678FB2B816307B6C00B4049F /* SenTestingKit.framework */,
				678FB2BC16307B6C00B4049F /* Other Frameworks */,
			);
			name = Frameworks;
			path = ../HelloWorld;
			sourceTree = "<group>";
		};
		67CBDD5D1598D6D6008B939F = {
			isa = PBXGroup;
			children = (
				6735451F16545C2600C6B9B1 /* KeyDrive */,
				678FB2BD16307B6C00B4049F /* Frameworks */,
				67CBDD691598D6D6008B939F /* Products */,
			);
			sourceTree = "<group>";
		};
		67CBDD691598D6D6008B939F /* Products */ = {
			isa = PBXGroup;
			children = (
				67CBDD681598D6D6008B939F /* KeyDrive.app */,
				67CBDD891598D6D6008B939F /* KeyDriveTests.octest */,
			);
			name = Products;
			sourceTree = "<group>";
		};
/* End PBXGroup section */

/* Begin PBXNativeTarget section */
		67CBDD671598D6D6008B939F /* KeyDrive */ = {
			isa = PBXNativeTarget;
			buildConfigurationList = 67CBDD9A1598D6D6008B939F /* Build configuration list for PBXNativeTarget "KeyDrive" */;
			buildPhases = (
				67F445F915ED6306001DAFEC /* CopyFiles */,
				67CBDD641598D6D6008B939F /* Sources */,
				67CBDD651598D6D6008B939F /* Frameworks */,
				67CBDD661598D6D6008B939F /* Resources */,
			);
			buildRules = (
				67F445F815ED62E8001DAFEC /* PBXBuildRule */,
			);
			dependencies = (
			);
			name = KeyDrive;
			productName = HelloWorld;
			productReference = 67CBDD681598D6D6008B939F /* KeyDrive.app */;
			productType = "com.apple.product-type.application";
		};
		67CBDD881598D6D6008B939F /* KeyDriveTests */ = {
			isa = PBXNativeTarget;
			buildConfigurationList = 67CBDD9D1598D6D6008B939F /* Build configuration list for PBXNativeTarget "KeyDriveTests" */;
			buildPhases = (
				67CBDD841598D6D6008B939F /* Sources */,
				67CBDD851598D6D6008B939F /* Frameworks */,
				67CBDD861598D6D6008B939F /* Resources */,
				67CBDD871598D6D6008B939F /* ShellScript */,
			);
			buildRules = (
			);
			dependencies = (
				67CBDD8E1598D6D6008B939F /* PBXTargetDependency */,
			);
			name = KeyDriveTests;
			productName = HelloWorldTests;
			productReference = 67CBDD891598D6D6008B939F /* KeyDriveTests.octest */;
			productType = "com.apple.product-type.bundle";
		};
/* End PBXNativeTarget section */

/* Begin PBXProject section */
		67CBDD5F1598D6D6008B939F /* Project object */ = {
			isa = PBXProject;
			attributes = {
				LastUpgradeCheck = 0440;
				ORGANIZATIONNAME = "Orbotix Inc";
			};
			buildConfigurationList = 67CBDD621598D6D6008B939F /* Build configuration list for PBXProject "KeyDrive" */;
			compatibilityVersion = "Xcode 3.2";
			developmentRegion = English;
			hasScannedForEncodings = 0;
			knownRegions = (
				en,
			);
			mainGroup = 67CBDD5D1598D6D6008B939F;
			productRefGroup = 67CBDD691598D6D6008B939F /* Products */;
			projectDirPath = "";
			projectRoot = "";
			targets = (
				67CBDD671598D6D6008B939F /* KeyDrive */,
				67CBDD881598D6D6008B939F /* KeyDriveTests */,
			);
		};
/* End PBXProject section */

/* Begin PBXResourcesBuildPhase section */
		67CBDD661598D6D6008B939F /* Resources */ = {
			isa = PBXResourcesBuildPhase;
			buildActionMask = 2147483647;
			files = (
				6735453016545C2600C6B9B1 /* Credits.rtf in Resources */,
				6735453116545C2600C6B9B1 /* InfoPlist.strings in Resources */,
				6735453216545C2600C6B9B1 /* MainMenu.xib in Resources */,
				6735453316545C2600C6B9B1 /* Window.xib in Resources */,
			);
			runOnlyForDeploymentPostprocessing = 0;
		};
		67CBDD861598D6D6008B939F /* Resources */ = {
			isa = PBXResourcesBuildPhase;
			buildActionMask = 2147483647;
			files = (
			);
			runOnlyForDeploymentPostprocessing = 0;
		};
/* End PBXResourcesBuildPhase section */

/* Begin PBXShellScriptBuildPhase section */
		67CBDD871598D6D6008B939F /* ShellScript */ = {
			isa = PBXShellScriptBuildPhase;
			buildActionMask = 2147483647;
			files = (
			);
			inputPaths = (
			);
			outputPaths = (
			);
			runOnlyForDeploymentPostprocessing = 0;
			shellPath = /bin/sh;
			shellScript = "# Run the unit tests in this test bundle.\n\"${SYSTEM_DEVELOPER_DIR}/Tools/RunUnitTests\"\n";
		};
/* End PBXShellScriptBuildPhase section */

/* Begin PBXSourcesBuildPhase section */
		67CBDD641598D6D6008B939F /* Sources */ = {
			isa = PBXSourcesBuildPhase;
			buildActionMask = 2147483647;
			files = (
				6735452F16545C2600C6B9B1 /* AppDelegate.m in Sources */,
				6735453516545C2600C6B9B1 /* main.m in Sources */,
				6735453616545C2600C6B9B1 /* MyWindowController.m in Sources */,
			);
			runOnlyForDeploymentPostprocessing = 0;
		};
		67CBDD841598D6D6008B939F /* Sources */ = {
			isa = PBXSourcesBuildPhase;
			buildActionMask = 2147483647;
			files = (
			);
			runOnlyForDeploymentPostprocessing = 0;
		};
/* End PBXSourcesBuildPhase section */

/* Begin PBXTargetDependency section */
		67CBDD8E1598D6D6008B939F /* PBXTargetDependency */ = {
			isa = PBXTargetDependency;
			target = 67CBDD671598D6D6008B939F /* KeyDrive */;
			targetProxy = 67CBDD8D1598D6D6008B939F /* PBXContainerItemProxy */;
		};
/* End PBXTargetDependency section */

/* Begin PBXVariantGroup section */
		6735452216545C2600C6B9B1 /* Credits.rtf */ = {
			isa = PBXVariantGroup;
			children = (
				6735452316545C2600C6B9B1 /* en */,
			);
			name = Credits.rtf;
			sourceTree = "<group>";
		};
		6735452416545C2600C6B9B1 /* InfoPlist.strings */ = {
			isa = PBXVariantGroup;
			children = (
				6735452516545C2600C6B9B1 /* en */,
			);
			name = InfoPlist.strings;
			sourceTree = "<group>";
		};
		6735452616545C2600C6B9B1 /* MainMenu.xib */ = {
			isa = PBXVariantGroup;
			children = (
				6735452716545C2600C6B9B1 /* en */,
			);
			name = MainMenu.xib;
			sourceTree = "<group>";
		};
		6735452816545C2600C6B9B1 /* Window.xib */ = {
			isa = PBXVariantGroup;
			children = (
				6735452916545C2600C6B9B1 /* en */,
			);
			name = Window.xib;
			sourceTree = "<group>";
		};
/* End PBXVariantGroup section */

/* Begin XCBuildConfiguration section */
		67CBDD981598D6D6008B939F /* Debug */ = {
			isa = XCBuildConfiguration;
			buildSettings = {
				ALWAYS_SEARCH_USER_PATHS = NO;
				ARCHS = "$(ARCHS_STANDARD_64_BIT)";
				COPY_PHASE_STRIP = NO;
				GCC_C_LANGUAGE_STANDARD = gnu99;
				GCC_DYNAMIC_NO_PIC = NO;
				GCC_ENABLE_OBJC_EXCEPTIONS = YES;
				GCC_OPTIMIZATION_LEVEL = 0;
				GCC_PREPROCESSOR_DEFINITIONS = (
					"DEBUG=1",
					"$(inherited)",
				);
				GCC_SYMBOLS_PRIVATE_EXTERN = NO;
				GCC_VERSION = com.apple.compilers.llvm.clang.1_0;
				GCC_WARN_64_TO_32_BIT_CONVERSION = YES;
				GCC_WARN_ABOUT_RETURN_TYPE = YES;
				GCC_WARN_UNINITIALIZED_AUTOS = YES;
				GCC_WARN_UNUSED_VARIABLE = YES;
				MACOSX_DEPLOYMENT_TARGET = 10.7;
				ONLY_ACTIVE_ARCH = YES;
				SDKROOT = macosx;
			};
			name = Debug;
		};
		67CBDD991598D6D6008B939F /* Release */ = {
			isa = XCBuildConfiguration;
			buildSettings = {
				ALWAYS_SEARCH_USER_PATHS = NO;
				ARCHS = "$(ARCHS_STANDARD_64_BIT)";
				COPY_PHASE_STRIP = YES;
				DEBUG_INFORMATION_FORMAT = "dwarf-with-dsym";
				GCC_C_LANGUAGE_STANDARD = gnu99;
				GCC_ENABLE_OBJC_EXCEPTIONS = YES;
				GCC_VERSION = com.apple.compilers.llvm.clang.1_0;
				GCC_WARN_64_TO_32_BIT_CONVERSION = YES;
				GCC_WARN_ABOUT_RETURN_TYPE = YES;
				GCC_WARN_UNINITIALIZED_AUTOS = YES;
				GCC_WARN_UNUSED_VARIABLE = YES;
				MACOSX_DEPLOYMENT_TARGET = 10.7;
				SDKROOT = macosx;
			};
			name = Release;
		};
		67CBDD9B1598D6D6008B939F /* Debug */ = {
			isa = XCBuildConfiguration;
			buildSettings = {
				COMBINE_HIDPI_IMAGES = YES;
				FRAMEWORK_SEARCH_PATHS = (
					"$(inherited)",
					"\"$(SRCROOT)\"",
					"\"$(SYSTEM_APPS_DIR)/Xcode.app/Contents/Developer/Library/Frameworks\"",
				);
				GCC_PRECOMPILE_PREFIX_HEADER = YES;
				GCC_PREFIX_HEADER = "KeyDrive/KeyDrive-Prefix.pch";
				HEADER_SEARCH_PATHS = "";
				INFOPLIST_FILE = "KeyDrive/KeyDrive-Info.plist";
				INSTALL_PATH = "$(LOCAL_APPS_DIR)";
				LD_DYLIB_INSTALL_NAME = "";
				LIBRARY_SEARCH_PATHS = "";
				LINK_WITH_STANDARD_LIBRARIES = YES;
				OTHER_LDFLAGS = "";
				PRODUCT_NAME = KeyDrive;
				WRAPPER_EXTENSION = app;
			};
			name = Debug;
		};
		67CBDD9C1598D6D6008B939F /* Release */ = {
			isa = XCBuildConfiguration;
			buildSettings = {
				COMBINE_HIDPI_IMAGES = YES;
				FRAMEWORK_SEARCH_PATHS = (
					"$(inherited)",
					"\"$(SRCROOT)\"",
					"\"$(SYSTEM_APPS_DIR)/Xcode.app/Contents/Developer/Library/Frameworks\"",
				);
				GCC_PRECOMPILE_PREFIX_HEADER = YES;
				GCC_PREFIX_HEADER = "KeyDrive/KeyDrive-Prefix.pch";
				HEADER_SEARCH_PATHS = "";
				INFOPLIST_FILE = "KeyDrive/KeyDrive-Info.plist";
				INSTALL_PATH = "$(LOCAL_APPS_DIR)";
				LD_DYLIB_INSTALL_NAME = "";
				LIBRARY_SEARCH_PATHS = "";
				LINK_WITH_STANDARD_LIBRARIES = YES;
				OTHER_LDFLAGS = "";
				PRODUCT_NAME = KeyDrive;
				WRAPPER_EXTENSION = app;
			};
			name = Release;
		};
		67CBDD9E1598D6D6008B939F /* Debug */ = {
			isa = XCBuildConfiguration;
			buildSettings = {
				BUNDLE_LOADER = "$(BUILT_PRODUCTS_DIR)/HelloWorld.app/Contents/MacOS/HelloWorld";
				COMBINE_HIDPI_IMAGES = YES;
				FRAMEWORK_SEARCH_PATHS = "$(DEVELOPER_LIBRARY_DIR)/Frameworks";
				GCC_PRECOMPILE_PREFIX_HEADER = YES;
				GCC_PREFIX_HEADER = "HelloWorld/HelloWorld-Prefix.pch";
				INFOPLIST_FILE = "HelloWorldTests/HelloWorldTests-Info.plist";
				PRODUCT_NAME = KeyDriveTests;
				TEST_HOST = "$(BUNDLE_LOADER)";
				WRAPPER_EXTENSION = octest;
			};
			name = Debug;
		};
		67CBDD9F1598D6D6008B939F /* Release */ = {
			isa = XCBuildConfiguration;
			buildSettings = {
				BUNDLE_LOADER = "$(BUILT_PRODUCTS_DIR)/HelloWorld.app/Contents/MacOS/HelloWorld";
				COMBINE_HIDPI_IMAGES = YES;
				FRAMEWORK_SEARCH_PATHS = "$(DEVELOPER_LIBRARY_DIR)/Frameworks";
				GCC_PRECOMPILE_PREFIX_HEADER = YES;
				GCC_PREFIX_HEADER = "HelloWorld/HelloWorld-Prefix.pch";
				INFOPLIST_FILE = "HelloWorldTests/HelloWorldTests-Info.plist";
				PRODUCT_NAME = KeyDriveTests;
				TEST_HOST = "$(BUNDLE_LOADER)";
				WRAPPER_EXTENSION = octest;
			};
			name = Release;
		};
/* End XCBuildConfiguration section */

/* Begin XCConfigurationList section */
		67CBDD621598D6D6008B939F /* Build configuration list for PBXProject "KeyDrive" */ = {
			isa = XCConfigurationList;
			buildConfigurations = (
				67CBDD981598D6D6008B939F /* Debug */,
				67CBDD991598D6D6008B939F /* Release */,
			);
			defaultConfigurationIsVisible = 0;
			defaultConfigurationName = Release;
		};
		67CBDD9A1598D6D6008B939F /* Build configuration list for PBXNativeTarget "KeyDrive" */ = {
			isa = XCConfigurationList;
			buildConfigurations = (
				67CBDD9B1598D6D6008B939F /* Debug */,
				67CBDD9C1598D6D6008B939F /* Release */,
			);
			defaultConfigurationIsVisible = 0;
			defaultConfigurationName = Release;
		};
		67CBDD9D1598D6D6008B939F /* Build configuration list for PBXNativeTarget "KeyDriveTests" */ = {
			isa = XCConfigurationList;
			buildConfigurations = (
				67CBDD9E1598D6D6008B939F /* Debug */,
				67CBDD9F1598D6D6008B939F /* Release */,
			);
			defaultConfigurationIsVisible = 0;
			defaultConfigurationName = Release;
		};
/* End XCConfigurationList section */
	};
	rootObject = 67CBDD5F1598D6D6008B939F /* Project object */;
}
